
Microsoft Visual Studio Solution File, Format Version 12.00
# Visual Studio Version 17
VisualStudioVersion = 17.0.31903.59
MinimumVisualStudioVersion = 10.0.40219.1
Project("{2150E333-8FDC-42A3-9474-1A3956D46DE8}") = "src", "src", "{827E0CD3-B72D-47B6-A68D-7590B98EB39B}"
EndProject
Project("{FAE04EC0-301F-11D3-BF4B-00C04F79EFBC}") = "Popo.HttpClients", "src\Popo.HttpClients\Popo.HttpClients.csproj", "{045AA685-9301-47D3-ACA6-77501E12A664}"
EndProject
Project("{FAE04EC0-301F-11D3-BF4B-00C04F79EFBC}") = "Popo.Storage", "src\Popo.Storage\Popo.Storage.csproj", "{8771B28C-747F-48C0-BD20-2DADE1A24C0A}"
EndProject
Project("{2150E333-8FDC-42A3-9474-1A3956D46DE8}") = "tests", "tests", "{0AB3BF05-4346-4AA6-1389-037BE0695223}"
EndProject
Project("{FAE04EC0-301F-11D3-BF4B-00C04F79EFBC}") = "Popo.Tests", "tests\Popo.Tests\Popo.Tests.csproj", "{0FDF934B-6E94-4FE6-98AB-B5193B8652AE}"
EndProject
Project("{FAE04EC0-301F-11D3-BF4B-00C04F79EFBC}") = "Popo.Api", "src\Popo.Api\Popo.Api.csproj", "{41585D6A-F5C1-45C4-865B-CBEF0D8D317F}"
EndProject
Project("{FAE04EC0-301F-11D3-BF4B-00C04F79EFBC}") = "Popo.Core", "src\Popo.Core\Popo.Core.csproj", "{6C5F2AC5-A361-4F74-A2DE-45D0D2F6A3D7}"
EndProject
Project("{FAE04EC0-301F-11D3-BF4B-00C04F79EFBC}") = "Popo.Storage.Tests", "tests\Popo.Storage.Tests\Popo.Storage.Tests.csproj", "{79806C7C-40A3-45BB-9F6B-F245CD54F99C}"
EndProject
Project("{FAE04EC0-301F-11D3-BF4B-00C04F79EFBC}") = "Popo.Jobs", "src\Popo.Jobs\Popo.Jobs.csproj", "{AD06EEBE-F632-4704-BC4B-DE57491667A9}"
EndProject
Global
	GlobalSection(SolutionConfigurationPlatforms) = preSolution
		Debug|Any CPU = Debug|Any CPU
		Debug|x64 = Debug|x64
		Debug|x86 = Debug|x86
		Release|Any CPU = Release|Any CPU
		Release|x64 = Release|x64
		Release|x86 = Release|x86
	EndGlobalSection
	GlobalSection(ProjectConfigurationPlatforms) = postSolution
		{045AA685-9301-47D3-ACA6-77501E12A664}.Debug|Any CPU.ActiveCfg = Debug|Any CPU
		{045AA685-9301-47D3-ACA6-77501E12A664}.Debug|Any CPU.Build.0 = Debug|Any CPU
		{045AA685-9301-47D3-ACA6-77501E12A664}.Debug|x64.ActiveCfg = Debug|Any CPU
		{045AA685-9301-47D3-ACA6-77501E12A664}.Debug|x64.Build.0 = Debug|Any CPU
		{045AA685-9301-47D3-ACA6-77501E12A664}.Debug|x86.ActiveCfg = Debug|Any CPU
		{045AA685-9301-47D3-ACA6-77501E12A664}.Debug|x86.Build.0 = Debug|Any CPU
		{045AA685-9301-47D3-ACA6-77501E12A664}.Release|Any CPU.ActiveCfg = Release|Any CPU
		{045AA685-9301-47D3-ACA6-77501E12A664}.Release|Any CPU.Build.0 = Release|Any CPU
		{045AA685-9301-47D3-ACA6-77501E12A664}.Release|x64.ActiveCfg = Release|Any CPU
		{045AA685-9301-47D3-ACA6-77501E12A664}.Release|x64.Build.0 = Release|Any CPU
		{045AA685-9301-47D3-ACA6-77501E12A664}.Release|x86.ActiveCfg = Release|Any CPU
		{045AA685-9301-47D3-ACA6-77501E12A664}.Release|x86.Build.0 = Release|Any CPU
		{8771B28C-747F-48C0-BD20-2DADE1A24C0A}.Debug|Any CPU.ActiveCfg = Debug|Any CPU
		{8771B28C-747F-48C0-BD20-2DADE1A24C0A}.Debug|Any CPU.Build.0 = Debug|Any CPU
		{8771B28C-747F-48C0-BD20-2DADE1A24C0A}.Debug|x64.ActiveCfg = Debug|Any CPU
		{8771B28C-747F-48C0-BD20-2DADE1A24C0A}.Debug|x64.Build.0 = Debug|Any CPU
		{8771B28C-747F-48C0-BD20-2DADE1A24C0A}.Debug|x86.ActiveCfg = Debug|Any CPU
		{8771B28C-747F-48C0-BD20-2DADE1A24C0A}.Debug|x86.Build.0 = Debug|Any CPU
		{8771B28C-747F-48C0-BD20-2DADE1A24C0A}.Release|Any CPU.ActiveCfg = Release|Any CPU
		{8771B28C-747F-48C0-BD20-2DADE1A24C0A}.Release|Any CPU.Build.0 = Release|Any CPU
		{8771B28C-747F-48C0-BD20-2DADE1A24C0A}.Release|x64.ActiveCfg = Release|Any CPU
		{8771B28C-747F-48C0-BD20-2DADE1A24C0A}.Release|x64.Build.0 = Release|Any CPU
		{8771B28C-747F-48C0-BD20-2DADE1A24C0A}.Release|x86.ActiveCfg = Release|Any CPU
		{8771B28C-747F-48C0-BD20-2DADE1A24C0A}.Release|x86.Build.0 = Release|Any CPU
		{0FDF934B-6E94-4FE6-98AB-B5193B8652AE}.Debug|Any CPU.ActiveCfg = Debug|Any CPU
		{0FDF934B-6E94-4FE6-98AB-B5193B8652AE}.Debug|Any CPU.Build.0 = Debug|Any CPU
		{0FDF934B-6E94-4FE6-98AB-B5193B8652AE}.Debug|x64.ActiveCfg = Debug|Any CPU
		{0FDF934B-6E94-4FE6-98AB-B5193B8652AE}.Debug|x64.Build.0 = Debug|Any CPU
		{0FDF934B-6E94-4FE6-98AB-B5193B8652AE}.Debug|x86.ActiveCfg = Debug|Any CPU
		{0FDF934B-6E94-4FE6-98AB-B5193B8652AE}.Debug|x86.Build.0 = Debug|Any CPU
		{0FDF934B-6E94-4FE6-98AB-B5193B8652AE}.Release|Any CPU.ActiveCfg = Release|Any CPU
		{0FDF934B-6E94-4FE6-98AB-B5193B8652AE}.Release|Any CPU.Build.0 = Release|Any CPU
		{0FDF934B-6E94-4FE6-98AB-B5193B8652AE}.Release|x64.ActiveCfg = Release|Any CPU
		{0FDF934B-6E94-4FE6-98AB-B5193B8652AE}.Release|x64.Build.0 = Release|Any CPU
		{0FDF934B-6E94-4FE6-98AB-B5193B8652AE}.Release|x86.ActiveCfg = Release|Any CPU
		{0FDF934B-6E94-4FE6-98AB-B5193B8652AE}.Release|x86.Build.0 = Release|Any CPU
		{41585D6A-F5C1-45C4-865B-CBEF0D8D317F}.Debug|Any CPU.ActiveCfg = Debug|Any CPU
		{41585D6A-F5C1-45C4-865B-CBEF0D8D317F}.Debug|Any CPU.Build.0 = Debug|Any CPU
		{41585D6A-F5C1-45C4-865B-CBEF0D8D317F}.Debug|x64.ActiveCfg = Debug|Any CPU
		{41585D6A-F5C1-45C4-865B-CBEF0D8D317F}.Debug|x64.Build.0 = Debug|Any CPU
		{41585D6A-F5C1-45C4-865B-CBEF0D8D317F}.Debug|x86.ActiveCfg = Debug|Any CPU
		{41585D6A-F5C1-45C4-865B-CBEF0D8D317F}.Debug|x86.Build.0 = Debug|Any CPU
		{41585D6A-F5C1-45C4-865B-CBEF0D8D317F}.Release|Any CPU.ActiveCfg = Release|Any CPU
		{41585D6A-F5C1-45C4-865B-CBEF0D8D317F}.Release|Any CPU.Build.0 = Release|Any CPU
		{41585D6A-F5C1-45C4-865B-CBEF0D8D317F}.Release|x64.ActiveCfg = Release|Any CPU
		{41585D6A-F5C1-45C4-865B-CBEF0D8D317F}.Release|x64.Build.0 = Release|Any CPU
		{41585D6A-F5C1-45C4-865B-CBEF0D8D317F}.Release|x86.ActiveCfg = Release|Any CPU
		{41585D6A-F5C1-45C4-865B-CBEF0D8D317F}.Release|x86.Build.0 = Release|Any CPU
		{6C5F2AC5-A361-4F74-A2DE-45D0D2F6A3D7}.Debug|Any CPU.ActiveCfg = Debug|Any CPU
		{6C5F2AC5-A361-4F74-A2DE-45D0D2F6A3D7}.Debug|Any CPU.Build.0 = Debug|Any CPU
		{6C5F2AC5-A361-4F74-A2DE-45D0D2F6A3D7}.Debug|x64.ActiveCfg = Debug|Any CPU
		{6C5F2AC5-A361-4F74-A2DE-45D0D2F6A3D7}.Debug|x64.Build.0 = Debug|Any CPU
		{6C5F2AC5-A361-4F74-A2DE-45D0D2F6A3D7}.Debug|x86.ActiveCfg = Debug|Any CPU
		{6C5F2AC5-A361-4F74-A2DE-45D0D2F6A3D7}.Debug|x86.Build.0 = Debug|Any CPU
		{6C5F2AC5-A361-4F74-A2DE-45D0D2F6A3D7}.Release|Any CPU.ActiveCfg = Release|Any CPU
		{6C5F2AC5-A361-4F74-A2DE-45D0D2F6A3D7}.Release|Any CPU.Build.0 = Release|Any CPU
		{6C5F2AC5-A361-4F74-A2DE-45D0D2F6A3D7}.Release|x64.ActiveCfg = Release|Any CPU
		{6C5F2AC5-A361-4F74-A2DE-45D0D2F6A3D7}.Release|x64.Build.0 = Release|Any CPU
		{6C5F2AC5-A361-4F74-A2DE-45D0D2F6A3D7}.Release|x86.ActiveCfg = Release|Any CPU
		{6C5F2AC5-A361-4F74-A2DE-45D0D2F6A3D7}.Release|x86.Build.0 = Release|Any CPU
		{79806C7C-40A3-45BB-9F6B-F245CD54F99C}.Debug|Any CPU.ActiveCfg = Debug|Any CPU
		{79806C7C-40A3-45BB-9F6B-F245CD54F99C}.Debug|Any CPU.Build.0 = Debug|Any CPU
		{79806C7C-40A3-45BB-9F6B-F245CD54F99C}.Debug|x64.ActiveCfg = Debug|Any CPU
		{79806C7C-40A3-45BB-9F6B-F245CD54F99C}.Debug|x64.Build.0 = Debug|Any CPU
		{79806C7C-40A3-45BB-9F6B-F245CD54F99C}.Debug|x86.ActiveCfg = Debug|Any CPU
		{79806C7C-40A3-45BB-9F6B-F245CD54F99C}.Debug|x86.Build.0 = Debug|Any CPU
		{79806C7C-40A3-45BB-9F6B-F245CD54F99C}.Release|Any CPU.ActiveCfg = Release|Any CPU
		{79806C7C-40A3-45BB-9F6B-F245CD54F99C}.Release|Any CPU.Build.0 = Release|Any CPU
		{79806C7C-40A3-45BB-9F6B-F245CD54F99C}.Release|x64.ActiveCfg = Release|Any CPU
		{79806C7C-40A3-45BB-9F6B-F245CD54F99C}.Release|x64.Build.0 = Release|Any CPU
		{79806C7C-40A3-45BB-9F6B-F245CD54F99C}.Release|x86.ActiveCfg = Release|Any CPU
		{79806C7C-40A3-45BB-9F6B-F245CD54F99C}.Release|x86.Build.0 = Release|Any CPU
		{AD06EEBE-F632-4704-BC4B-DE57491667A9}.Debug|Any CPU.ActiveCfg = Debug|Any CPU
		{AD06EEBE-F632-4704-BC4B-DE57491667A9}.Debug|Any CPU.Build.0 = Debug|Any CPU
		{AD06EEBE-F632-4704-BC4B-DE57491667A9}.Debug|x64.ActiveCfg = Debug|Any CPU
		{AD06EEBE-F632-4704-BC4B-DE57491667A9}.Debug|x64.Build.0 = Debug|Any CPU
		{AD06EEBE-F632-4704-BC4B-DE57491667A9}.Debug|x86.ActiveCfg = Debug|Any CPU
		{AD06EEBE-F632-4704-BC4B-DE57491667A9}.Debug|x86.Build.0 = Debug|Any CPU
		{AD06EEBE-F632-4704-BC4B-DE57491667A9}.Release|Any CPU.ActiveCfg = Release|Any CPU
		{AD06EEBE-F632-4704-BC4B-DE57491667A9}.Release|Any CPU.Build.0 = Release|Any CPU
		{AD06EEBE-F632-4704-BC4B-DE57491667A9}.Release|x64.ActiveCfg = Release|Any CPU
		{AD06EEBE-F632-4704-BC4B-DE57491667A9}.Release|x64.Build.0 = Release|Any CPU
		{AD06EEBE-F632-4704-BC4B-DE57491667A9}.Release|x86.ActiveCfg = Release|Any CPU
		{AD06EEBE-F632-4704-BC4B-DE57491667A9}.Release|x86.Build.0 = Release|Any CPU
	EndGlobalSection
	GlobalSection(SolutionProperties) = preSolution
		HideSolutionNode = FALSE
	EndGlobalSection
	GlobalSection(NestedProjects) = preSolution
		{045AA685-9301-47D3-ACA6-77501E12A664} = {827E0CD3-B72D-47B6-A68D-7590B98EB39B}
		{8771B28C-747F-48C0-BD20-2DADE1A24C0A} = {827E0CD3-B72D-47B6-A68D-7590B98EB39B}
		{0FDF934B-6E94-4FE6-98AB-B5193B8652AE} = {0AB3BF05-4346-4AA6-1389-037BE0695223}
		{41585D6A-F5C1-45C4-865B-CBEF0D8D317F} = {827E0CD3-B72D-47B6-A68D-7590B98EB39B}
		{6C5F2AC5-A361-4F74-A2DE-45D0D2F6A3D7} = {827E0CD3-B72D-47B6-A68D-7590B98EB39B}
		{79806C7C-40A3-45BB-9F6B-F245CD54F99C} = {0AB3BF05-4346-4AA6-1389-037BE0695223}
		{AD06EEBE-F632-4704-BC4B-DE57491667A9} = {827E0CD3-B72D-47B6-A68D-7590B98EB39B}
	EndGlobalSection
EndGlobal
